
Microsoft Visual Studio Solution File, Format Version 12.00
# Visual Studio 15
VisualStudioVersion = 15.0.26730.8
MinimumVisualStudioVersion = 10.0.40219.1
Project("{FAE04EC0-301F-11D3-BF4B-00C04F79EFBC}") = "IoCContainer", "IoCContainer\IoCContainer.csproj", "{404E1F6C-00C7-4B63-9826-ACEADB3CACC3}"
EndProject
Global
	GlobalSection(SolutionConfigurationPlatforms) = preSolution
		Debug|Any CPU = Debug|Any CPU
		Release|Any CPU = Release|Any CPU
	EndGlobalSection
	GlobalSection(ProjectConfigurationPlatforms) = postSolution
		{404E1F6C-00C7-4B63-9826-ACEADB3CACC3}.Debug|Any CPU.ActiveCfg = Debug|Any CPU
		{404E1F6C-00C7-4B63-9826-ACEADB3CACC3}.Debug|Any CPU.Build.0 = Debug|Any CPU
		{404E1F6C-00C7-4B63-9826-ACEADB3CACC3}.Release|Any CPU.ActiveCfg = Release|Any CPU
		{404E1F6C-00C7-4B63-9826-ACEADB3CACC3}.Release|Any CPU.Build.0 = Release|Any CPU
	EndGlobalSection
	GlobalSection(SolutionProperties) = preSolution
		HideSolutionNode = FALSE
	EndGlobalSection
	GlobalSection(ExtensibilityGlobals) = postSolution
		SolutionGuid = {F9708E50-E162-48A9-9F91-855F2F0E944B}
	EndGlobalSection
EndGlobal
